
Microsoft Visual Studio Solution File, Format Version 12.00
# Visual Studio Version 17
VisualStudioVersion = 17.8.34330.188
MinimumVisualStudioVersion = 10.0.40219.1
Project("{FAE04EC0-301F-11D3-BF4B-00C04F79EFBC}") = "AssetTrackingEntityFramework", "AssetTrackingEntityFramework\AssetTrackingEntityFramework.csproj", "{E48E27EF-E0F6-494C-B0C8-3E710BA2B95E}"
EndProject
Global
	GlobalSection(SolutionConfigurationPlatforms) = preSolution
		Debug|Any CPU = Debug|Any CPU
		Release|Any CPU = Release|Any CPU
	EndGlobalSection
	GlobalSection(ProjectConfigurationPlatforms) = postSolution
		{E48E27EF-E0F6-494C-B0C8-3E710BA2B95E}.Debug|Any CPU.ActiveCfg = Debug|Any CPU
		{E48E27EF-E0F6-494C-B0C8-3E710BA2B95E}.Debug|Any CPU.Build.0 = Debug|Any CPU
		{E48E27EF-E0F6-494C-B0C8-3E710BA2B95E}.Release|Any CPU.ActiveCfg = Release|Any CPU
		{E48E27EF-E0F6-494C-B0C8-3E710BA2B95E}.Release|Any CPU.Build.0 = Release|Any CPU
	EndGlobalSection
	GlobalSection(SolutionProperties) = preSolution
		HideSolutionNode = FALSE
	EndGlobalSection
	GlobalSection(ExtensibilityGlobals) = postSolution
		SolutionGuid = {F606C5D9-453C-4834-81EE-DC7EB28F5CC4}
	EndGlobalSection
EndGlobal
